
Microsoft Visual Studio Solution File, Format Version 12.00
# Visual Studio Version 17
VisualStudioVersion = 17.0.32002.185
MinimumVisualStudioVersion = 10.0.40219.1
Project("{9A19103F-16F7-4668-BE54-9A1E7A4F7556}") = "PWS40.Backend.Conways.API", "src\PWS40.Backend.Conways.API\PWS40.Backend.Conways.API.csproj", "{CA7C49CC-BFAC-42EF-AEDE-2F7870D6325E}"
EndProject
Project("{FAE04EC0-301F-11D3-BF4B-00C04F79EFBC}") = "PWS40.Backend.Conways", "src\PWS40.Backend.Conways\PWS40.Backend.Conways.csproj", "{5B4B5FD0-2AAA-4D61-AEB1-6E315286EAD9}"
EndProject
Project("{FAE04EC0-301F-11D3-BF4B-00C04F79EFBC}") = "PWS40.Backend.Conways.Tests", "test\PWS40.Backend.Conways.Tests\PWS40.Backend.Conways.Tests.csproj", "{7E7E3A27-3BEF-4DFF-8714-48EF0FA52E8E}"
EndProject
Global
	GlobalSection(SolutionConfigurationPlatforms) = preSolution
		Debug|Any CPU = Debug|Any CPU
		Release|Any CPU = Release|Any CPU
	EndGlobalSection
	GlobalSection(ProjectConfigurationPlatforms) = postSolution
		{CA7C49CC-BFAC-42EF-AEDE-2F7870D6325E}.Debug|Any CPU.ActiveCfg = Debug|Any CPU
		{CA7C49CC-BFAC-42EF-AEDE-2F7870D6325E}.Debug|Any CPU.Build.0 = Debug|Any CPU
		{CA7C49CC-BFAC-42EF-AEDE-2F7870D6325E}.Release|Any CPU.ActiveCfg = Release|Any CPU
		{CA7C49CC-BFAC-42EF-AEDE-2F7870D6325E}.Release|Any CPU.Build.0 = Release|Any CPU
		{5B4B5FD0-2AAA-4D61-AEB1-6E315286EAD9}.Debug|Any CPU.ActiveCfg = Debug|Any CPU
		{5B4B5FD0-2AAA-4D61-AEB1-6E315286EAD9}.Debug|Any CPU.Build.0 = Debug|Any CPU
		{5B4B5FD0-2AAA-4D61-AEB1-6E315286EAD9}.Release|Any CPU.ActiveCfg = Release|Any CPU
		{5B4B5FD0-2AAA-4D61-AEB1-6E315286EAD9}.Release|Any CPU.Build.0 = Release|Any CPU
		{7E7E3A27-3BEF-4DFF-8714-48EF0FA52E8E}.Debug|Any CPU.ActiveCfg = Debug|Any CPU
		{7E7E3A27-3BEF-4DFF-8714-48EF0FA52E8E}.Debug|Any CPU.Build.0 = Debug|Any CPU
		{7E7E3A27-3BEF-4DFF-8714-48EF0FA52E8E}.Release|Any CPU.ActiveCfg = Release|Any CPU
		{7E7E3A27-3BEF-4DFF-8714-48EF0FA52E8E}.Release|Any CPU.Build.0 = Release|Any CPU
	EndGlobalSection
	GlobalSection(SolutionProperties) = preSolution
		HideSolutionNode = FALSE
	EndGlobalSection
	GlobalSection(ExtensibilityGlobals) = postSolution
		SolutionGuid = {33DC8FC1-55F2-40CD-95BF-4FEAF3A62FEB}
	EndGlobalSection
EndGlobal
